// !$*UTF8*$!
{
	archiveVersion = 1;
	classes = {
	};
	objectVersion = 56;
	objects = {

/* Begin PBXBuildFile section */
		011697132BB38347008B055A /* QuickLook_WebMApp.swift in Sources */ = {isa = PBXBuildFile; fileRef = 011697122BB38347008B055A /* QuickLook_WebMApp.swift */; };
		011697152BB38347008B055A /* ContentView.swift in Sources */ = {isa = PBXBuildFile; fileRef = 011697142BB38347008B055A /* ContentView.swift */; };
		011697172BB38348008B055A /* Assets.xcassets in Resources */ = {isa = PBXBuildFile; fileRef = 011697162BB38348008B055A /* Assets.xcassets */; };
		0116971A2BB38348008B055A /* Preview Assets.xcassets in Resources */ = {isa = PBXBuildFile; fileRef = 011697192BB38348008B055A /* Preview Assets.xcassets */; };
		011697252BB38348008B055A /* QuickLook_WebMTests.swift in Sources */ = {isa = PBXBuildFile; fileRef = 011697242BB38348008B055A /* QuickLook_WebMTests.swift */; };
		0116972F2BB38348008B055A /* QuickLook_WebMUITests.swift in Sources */ = {isa = PBXBuildFile; fileRef = 0116972E2BB38348008B055A /* QuickLook_WebMUITests.swift */; };
		011697312BB38348008B055A /* QuickLook_WebMUITestsLaunchTests.swift in Sources */ = {isa = PBXBuildFile; fileRef = 011697302BB38348008B055A /* QuickLook_WebMUITestsLaunchTests.swift */; };
		011697442BB3843B008B055A /* Quartz.framework in Frameworks */ = {isa = PBXBuildFile; fileRef = 011697432BB3843B008B055A /* Quartz.framework */; };
		011697492BB3843B008B055A /* PreviewProvider.swift in Sources */ = {isa = PBXBuildFile; fileRef = 011697482BB3843B008B055A /* PreviewProvider.swift */; };
		011697512BB3843B008B055A /* QuickLook Preview Extension.appex in Embed Foundation Extensions */ = {isa = PBXBuildFile; fileRef = 011697412BB3843B008B055A /* QuickLook Preview Extension.appex */; settings = {ATTRIBUTES = (RemoveHeadersOnCopy, ); }; };
/* End PBXBuildFile section */

/* Begin PBXContainerItemProxy section */
		011697212BB38348008B055A /* PBXContainerItemProxy */ = {
			isa = PBXContainerItemProxy;
			containerPortal = 011697072BB38347008B055A /* Project object */;
			proxyType = 1;
			remoteGlobalIDString = 0116970E2BB38347008B055A;
			remoteInfo = "QuickLook WebM";
		};
		0116972B2BB38348008B055A /* PBXContainerItemProxy */ = {
			isa = PBXContainerItemProxy;
			containerPortal = 011697072BB38347008B055A /* Project object */;
			proxyType = 1;
			remoteGlobalIDString = 0116970E2BB38347008B055A;
			remoteInfo = "QuickLook WebM";
		};
		0116974F2BB3843B008B055A /* PBXContainerItemProxy */ = {
			isa = PBXContainerItemProxy;
			containerPortal = 011697072BB38347008B055A /* Project object */;
			proxyType = 1;
			remoteGlobalIDString = 011697402BB3843B008B055A;
			remoteInfo = "QuickLook Preview Extension";
		};
/* End PBXContainerItemProxy section */

/* Begin PBXCopyFilesBuildPhase section */
		011697552BB3843B008B055A /* Embed Foundation Extensions */ = {
			isa = PBXCopyFilesBuildPhase;
			buildActionMask = 2147483647;
			dstPath = "";
			dstSubfolderSpec = 13;
			files = (
				011697512BB3843B008B055A /* QuickLook Preview Extension.appex in Embed Foundation Extensions */,
			);
			name = "Embed Foundation Extensions";
			runOnlyForDeploymentPostprocessing = 0;
		};
/* End PBXCopyFilesBuildPhase section */

/* Begin PBXFileReference section */
		0116970F2BB38347008B055A /* QuickLook WebM.app */ = {isa = PBXFileReference; explicitFileType = wrapper.application; includeInIndex = 0; path = "QuickLook WebM.app"; sourceTree = BUILT_PRODUCTS_DIR; };
		011697122BB38347008B055A /* QuickLook_WebMApp.swift */ = {isa = PBXFileReference; lastKnownFileType = sourcecode.swift; path = QuickLook_WebMApp.swift; sourceTree = "<group>"; };
		011697142BB38347008B055A /* ContentView.swift */ = {isa = PBXFileReference; lastKnownFileType = sourcecode.swift; path = ContentView.swift; sourceTree = "<group>"; };
		011697162BB38348008B055A /* Assets.xcassets */ = {isa = PBXFileReference; lastKnownFileType = folder.assetcatalog; path = Assets.xcassets; sourceTree = "<group>"; };
		011697192BB38348008B055A /* Preview Assets.xcassets */ = {isa = PBXFileReference; lastKnownFileType = folder.assetcatalog; path = "Preview Assets.xcassets"; sourceTree = "<group>"; };
		0116971B2BB38348008B055A /* QuickLook_WebM.entitlements */ = {isa = PBXFileReference; lastKnownFileType = text.plist.entitlements; path = QuickLook_WebM.entitlements; sourceTree = "<group>"; };
		011697202BB38348008B055A /* QuickLook WebMTests.xctest */ = {isa = PBXFileReference; explicitFileType = wrapper.cfbundle; includeInIndex = 0; path = "QuickLook WebMTests.xctest"; sourceTree = BUILT_PRODUCTS_DIR; };
		011697242BB38348008B055A /* QuickLook_WebMTests.swift */ = {isa = PBXFileReference; lastKnownFileType = sourcecode.swift; path = QuickLook_WebMTests.swift; sourceTree = "<group>"; };
		0116972A2BB38348008B055A /* QuickLook WebMUITests.xctest */ = {isa = PBXFileReference; explicitFileType = wrapper.cfbundle; includeInIndex = 0; path = "QuickLook WebMUITests.xctest"; sourceTree = BUILT_PRODUCTS_DIR; };
		0116972E2BB38348008B055A /* QuickLook_WebMUITests.swift */ = {isa = PBXFileReference; lastKnownFileType = sourcecode.swift; path = QuickLook_WebMUITests.swift; sourceTree = "<group>"; };
		011697302BB38348008B055A /* QuickLook_WebMUITestsLaunchTests.swift */ = {isa = PBXFileReference; lastKnownFileType = sourcecode.swift; path = QuickLook_WebMUITestsLaunchTests.swift; sourceTree = "<group>"; };
		011697412BB3843B008B055A /* QuickLook Preview Extension.appex */ = {isa = PBXFileReference; explicitFileType = "wrapper.app-extension"; includeInIndex = 0; path = "QuickLook Preview Extension.appex"; sourceTree = BUILT_PRODUCTS_DIR; };
		011697432BB3843B008B055A /* Quartz.framework */ = {isa = PBXFileReference; lastKnownFileType = wrapper.framework; name = Quartz.framework; path = System/Library/Frameworks/Quartz.framework; sourceTree = SDKROOT; };
		011697482BB3843B008B055A /* PreviewProvider.swift */ = {isa = PBXFileReference; lastKnownFileType = sourcecode.swift; path = PreviewProvider.swift; sourceTree = "<group>"; };
		0116974D2BB3843B008B055A /* Info.plist */ = {isa = PBXFileReference; lastKnownFileType = text.plist.xml; path = Info.plist; sourceTree = "<group>"; };
		0116974E2BB3843B008B055A /* QuickLook_Preview_Extension.entitlements */ = {isa = PBXFileReference; lastKnownFileType = text.plist.entitlements; path = QuickLook_Preview_Extension.entitlements; sourceTree = "<group>"; };
/* End PBXFileReference section */

/* Begin PBXFrameworksBuildPhase section */
		0116970C2BB38347008B055A /* Frameworks */ = {
			isa = PBXFrameworksBuildPhase;
			buildActionMask = 2147483647;
			files = (
			);
			runOnlyForDeploymentPostprocessing = 0;
		};
		0116971D2BB38348008B055A /* Frameworks */ = {
			isa = PBXFrameworksBuildPhase;
			buildActionMask = 2147483647;
			files = (
			);
			runOnlyForDeploymentPostprocessing = 0;
		};
		011697272BB38348008B055A /* Frameworks */ = {
			isa = PBXFrameworksBuildPhase;
			buildActionMask = 2147483647;
			files = (
			);
			runOnlyForDeploymentPostprocessing = 0;
		};
		0116973E2BB3843B008B055A /* Frameworks */ = {
			isa = PBXFrameworksBuildPhase;
			buildActionMask = 2147483647;
			files = (
				011697442BB3843B008B055A /* Quartz.framework in Frameworks */,
			);
			runOnlyForDeploymentPostprocessing = 0;
		};
/* End PBXFrameworksBuildPhase section */

/* Begin PBXGroup section */
		011697062BB38347008B055A = {
			isa = PBXGroup;
			children = (
				011697112BB38347008B055A /* QuickLook WebM */,
				011697232BB38348008B055A /* QuickLook WebMTests */,
				0116972D2BB38348008B055A /* QuickLook WebMUITests */,
				011697452BB3843B008B055A /* QuickLook Preview Extension */,
				011697422BB3843B008B055A /* Frameworks */,
				011697102BB38347008B055A /* Products */,
			);
			sourceTree = "<group>";
		};
		011697102BB38347008B055A /* Products */ = {
			isa = PBXGroup;
			children = (
				0116970F2BB38347008B055A /* QuickLook WebM.app */,
				011697202BB38348008B055A /* QuickLook WebMTests.xctest */,
				0116972A2BB38348008B055A /* QuickLook WebMUITests.xctest */,
				011697412BB3843B008B055A /* QuickLook Preview Extension.appex */,
			);
			name = Products;
			sourceTree = "<group>";
		};
		011697112BB38347008B055A /* QuickLook WebM */ = {
			isa = PBXGroup;
			children = (
				011697122BB38347008B055A /* QuickLook_WebMApp.swift */,
				011697142BB38347008B055A /* ContentView.swift */,
				011697162BB38348008B055A /* Assets.xcassets */,
				0116971B2BB38348008B055A /* QuickLook_WebM.entitlements */,
				011697182BB38348008B055A /* Preview Content */,
			);
			path = "QuickLook WebM";
			sourceTree = "<group>";
		};
		011697182BB38348008B055A /* Preview Content */ = {
			isa = PBXGroup;
			children = (
				011697192BB38348008B055A /* Preview Assets.xcassets */,
			);
			path = "Preview Content";
			sourceTree = "<group>";
		};
		011697232BB38348008B055A /* QuickLook WebMTests */ = {
			isa = PBXGroup;
			children = (
				011697242BB38348008B055A /* QuickLook_WebMTests.swift */,
			);
			path = "QuickLook WebMTests";
			sourceTree = "<group>";
		};
		0116972D2BB38348008B055A /* QuickLook WebMUITests */ = {
			isa = PBXGroup;
			children = (
				0116972E2BB38348008B055A /* QuickLook_WebMUITests.swift */,
				011697302BB38348008B055A /* QuickLook_WebMUITestsLaunchTests.swift */,
			);
			path = "QuickLook WebMUITests";
			sourceTree = "<group>";
		};
		011697422BB3843B008B055A /* Frameworks */ = {
			isa = PBXGroup;
			children = (
				011697432BB3843B008B055A /* Quartz.framework */,
			);
			name = Frameworks;
			sourceTree = "<group>";
		};
		011697452BB3843B008B055A /* QuickLook Preview Extension */ = {
			isa = PBXGroup;
			children = (
				011697482BB3843B008B055A /* PreviewProvider.swift */,
				0116974D2BB3843B008B055A /* Info.plist */,
				0116974E2BB3843B008B055A /* QuickLook_Preview_Extension.entitlements */,
			);
			path = "QuickLook Preview Extension";
			sourceTree = "<group>";
		};
/* End PBXGroup section */

/* Begin PBXNativeTarget section */
		0116970E2BB38347008B055A /* QuickLook WebM */ = {
			isa = PBXNativeTarget;
			buildConfigurationList = 011697342BB38348008B055A /* Build configuration list for PBXNativeTarget "QuickLook WebM" */;
			buildPhases = (
				0116970B2BB38347008B055A /* Sources */,
				0116970C2BB38347008B055A /* Frameworks */,
				0116970D2BB38347008B055A /* Resources */,
				011697552BB3843B008B055A /* Embed Foundation Extensions */,
			);
			buildRules = (
			);
			dependencies = (
				011697502BB3843B008B055A /* PBXTargetDependency */,
			);
			name = "QuickLook WebM";
			productName = "QuickLook WebM";
			productReference = 0116970F2BB38347008B055A /* QuickLook WebM.app */;
			productType = "com.apple.product-type.application";
		};
		0116971F2BB38348008B055A /* QuickLook WebMTests */ = {
			isa = PBXNativeTarget;
			buildConfigurationList = 011697372BB38348008B055A /* Build configuration list for PBXNativeTarget "QuickLook WebMTests" */;
			buildPhases = (
				0116971C2BB38348008B055A /* Sources */,
				0116971D2BB38348008B055A /* Frameworks */,
				0116971E2BB38348008B055A /* Resources */,
			);
			buildRules = (
			);
			dependencies = (
				011697222BB38348008B055A /* PBXTargetDependency */,
			);
			name = "QuickLook WebMTests";
			productName = "QuickLook WebMTests";
			productReference = 011697202BB38348008B055A /* QuickLook WebMTests.xctest */;
			productType = "com.apple.product-type.bundle.unit-test";
		};
		011697292BB38348008B055A /* QuickLook WebMUITests */ = {
			isa = PBXNativeTarget;
			buildConfigurationList = 0116973A2BB38348008B055A /* Build configuration list for PBXNativeTarget "QuickLook WebMUITests" */;
			buildPhases = (
				011697262BB38348008B055A /* Sources */,
				011697272BB38348008B055A /* Frameworks */,
				011697282BB38348008B055A /* Resources */,
			);
			buildRules = (
			);
			dependencies = (
				0116972C2BB38348008B055A /* PBXTargetDependency */,
			);
			name = "QuickLook WebMUITests";
			productName = "QuickLook WebMUITests";
			productReference = 0116972A2BB38348008B055A /* QuickLook WebMUITests.xctest */;
			productType = "com.apple.product-type.bundle.ui-testing";
		};
		011697402BB3843B008B055A /* QuickLook Preview Extension */ = {
			isa = PBXNativeTarget;
			buildConfigurationList = 011697522BB3843B008B055A /* Build configuration list for PBXNativeTarget "QuickLook Preview Extension" */;
			buildPhases = (
				0116973D2BB3843B008B055A /* Sources */,
				0116973E2BB3843B008B055A /* Frameworks */,
				0116973F2BB3843B008B055A /* Resources */,
			);
			buildRules = (
			);
			dependencies = (
			);
			name = "QuickLook Preview Extension";
			productName = "QuickLook Preview Extension";
			productReference = 011697412BB3843B008B055A /* QuickLook Preview Extension.appex */;
			productType = "com.apple.product-type.app-extension";
		};
/* End PBXNativeTarget section */

/* Begin PBXProject section */
		011697072BB38347008B055A /* Project object */ = {
			isa = PBXProject;
			attributes = {
				BuildIndependentTargetsInParallel = 1;
				LastSwiftUpdateCheck = 1530;
				LastUpgradeCheck = 1540;
				TargetAttributes = {
					0116970E2BB38347008B055A = {
						CreatedOnToolsVersion = 15.3;
					};
					0116971F2BB38348008B055A = {
						CreatedOnToolsVersion = 15.3;
						TestTargetID = 0116970E2BB38347008B055A;
					};
					011697292BB38348008B055A = {
						CreatedOnToolsVersion = 15.3;
						TestTargetID = 0116970E2BB38347008B055A;
					};
					011697402BB3843B008B055A = {
						CreatedOnToolsVersion = 15.3;
					};
				};
			};
			buildConfigurationList = 0116970A2BB38347008B055A /* Build configuration list for PBXProject "QuickLook WebM" */;
			compatibilityVersion = "Xcode 14.0";
			developmentRegion = en;
			hasScannedForEncodings = 0;
			knownRegions = (
				en,
				Base,
			);
			mainGroup = 011697062BB38347008B055A;
			productRefGroup = 011697102BB38347008B055A /* Products */;
			projectDirPath = "";
			projectRoot = "";
			targets = (
				0116970E2BB38347008B055A /* QuickLook WebM */,
				0116971F2BB38348008B055A /* QuickLook WebMTests */,
				011697292BB38348008B055A /* QuickLook WebMUITests */,
				011697402BB3843B008B055A /* QuickLook Preview Extension */,
			);
		};
/* End PBXProject section */

/* Begin PBXResourcesBuildPhase section */
		0116970D2BB38347008B055A /* Resources */ = {
			isa = PBXResourcesBuildPhase;
			buildActionMask = 2147483647;
			files = (
				0116971A2BB38348008B055A /* Preview Assets.xcassets in Resources */,
				011697172BB38348008B055A /* Assets.xcassets in Resources */,
			);
			runOnlyForDeploymentPostprocessing = 0;
		};
		0116971E2BB38348008B055A /* Resources */ = {
			isa = PBXResourcesBuildPhase;
			buildActionMask = 2147483647;
			files = (
			);
			runOnlyForDeploymentPostprocessing = 0;
		};
		011697282BB38348008B055A /* Resources */ = {
			isa = PBXResourcesBuildPhase;
			buildActionMask = 2147483647;
			files = (
			);
			runOnlyForDeploymentPostprocessing = 0;
		};
		0116973F2BB3843B008B055A /* Resources */ = {
			isa = PBXResourcesBuildPhase;
			buildActionMask = 2147483647;
			files = (
			);
			runOnlyForDeploymentPostprocessing = 0;
		};
/* End PBXResourcesBuildPhase section */

/* Begin PBXSourcesBuildPhase section */
		0116970B2BB38347008B055A /* Sources */ = {
			isa = PBXSourcesBuildPhase;
			buildActionMask = 2147483647;
			files = (
				011697152BB38347008B055A /* ContentView.swift in Sources */,
				011697132BB38347008B055A /* QuickLook_WebMApp.swift in Sources */,
			);
			runOnlyForDeploymentPostprocessing = 0;
		};
		0116971C2BB38348008B055A /* Sources */ = {
			isa = PBXSourcesBuildPhase;
			buildActionMask = 2147483647;
			files = (
				011697252BB38348008B055A /* QuickLook_WebMTests.swift in Sources */,
			);
			runOnlyForDeploymentPostprocessing = 0;
		};
		011697262BB38348008B055A /* Sources */ = {
			isa = PBXSourcesBuildPhase;
			buildActionMask = 2147483647;
			files = (
				011697312BB38348008B055A /* QuickLook_WebMUITestsLaunchTests.swift in Sources */,
				0116972F2BB38348008B055A /* QuickLook_WebMUITests.swift in Sources */,
			);
			runOnlyForDeploymentPostprocessing = 0;
		};
		0116973D2BB3843B008B055A /* Sources */ = {
			isa = PBXSourcesBuildPhase;
			buildActionMask = 2147483647;
			files = (
				011697492BB3843B008B055A /* PreviewProvider.swift in Sources */,
			);
			runOnlyForDeploymentPostprocessing = 0;
		};
/* End PBXSourcesBuildPhase section */

/* Begin PBXTargetDependency section */
		011697222BB38348008B055A /* PBXTargetDependency */ = {
			isa = PBXTargetDependency;
			target = 0116970E2BB38347008B055A /* QuickLook WebM */;
			targetProxy = 011697212BB38348008B055A /* PBXContainerItemProxy */;
		};
		0116972C2BB38348008B055A /* PBXTargetDependency */ = {
			isa = PBXTargetDependency;
			target = 0116970E2BB38347008B055A /* QuickLook WebM */;
			targetProxy = 0116972B2BB38348008B055A /* PBXContainerItemProxy */;
		};
		011697502BB3843B008B055A /* PBXTargetDependency */ = {
			isa = PBXTargetDependency;
			target = 011697402BB3843B008B055A /* QuickLook Preview Extension */;
			targetProxy = 0116974F2BB3843B008B055A /* PBXContainerItemProxy */;
		};
/* End PBXTargetDependency section */

/* Begin XCBuildConfiguration section */
		011697322BB38348008B055A /* Debug */ = {
			isa = XCBuildConfiguration;
			buildSettings = {
				ALWAYS_SEARCH_USER_PATHS = NO;
				ASSETCATALOG_COMPILER_GENERATE_SWIFT_ASSET_SYMBOL_EXTENSIONS = YES;
				CLANG_ANALYZER_NONNULL = YES;
				CLANG_ANALYZER_NUMBER_OBJECT_CONVERSION = YES_AGGRESSIVE;
				CLANG_CXX_LANGUAGE_STANDARD = "gnu++20";
				CLANG_ENABLE_MODULES = YES;
				CLANG_ENABLE_OBJC_ARC = YES;
				CLANG_ENABLE_OBJC_WEAK = YES;
				CLANG_WARN_BLOCK_CAPTURE_AUTORELEASING = YES;
				CLANG_WARN_BOOL_CONVERSION = YES;
				CLANG_WARN_COMMA = YES;
				CLANG_WARN_CONSTANT_CONVERSION = YES;
				CLANG_WARN_DEPRECATED_OBJC_IMPLEMENTATIONS = YES;
				CLANG_WARN_DIRECT_OBJC_ISA_USAGE = YES_ERROR;
				CLANG_WARN_DOCUMENTATION_COMMENTS = YES;
				CLANG_WARN_EMPTY_BODY = YES;
				CLANG_WARN_ENUM_CONVERSION = YES;
				CLANG_WARN_INFINITE_RECURSION = YES;
				CLANG_WARN_INT_CONVERSION = YES;
				CLANG_WARN_NON_LITERAL_NULL_CONVERSION = YES;
				CLANG_WARN_OBJC_IMPLICIT_RETAIN_SELF = YES;
				CLANG_WARN_OBJC_LITERAL_CONVERSION = YES;
				CLANG_WARN_OBJC_ROOT_CLASS = YES_ERROR;
				CLANG_WARN_QUOTED_INCLUDE_IN_FRAMEWORK_HEADER = YES;
				CLANG_WARN_RANGE_LOOP_ANALYSIS = YES;
				CLANG_WARN_STRICT_PROTOTYPES = YES;
				CLANG_WARN_SUSPICIOUS_MOVE = YES;
				CLANG_WARN_UNGUARDED_AVAILABILITY = YES_AGGRESSIVE;
				CLANG_WARN_UNREACHABLE_CODE = YES;
				CLANG_WARN__DUPLICATE_METHOD_MATCH = YES;
				COPY_PHASE_STRIP = NO;
				DEAD_CODE_STRIPPING = YES;
				DEBUG_INFORMATION_FORMAT = dwarf;
				ENABLE_STRICT_OBJC_MSGSEND = YES;
				ENABLE_TESTABILITY = YES;
				ENABLE_USER_SCRIPT_SANDBOXING = YES;
				GCC_C_LANGUAGE_STANDARD = gnu17;
				GCC_DYNAMIC_NO_PIC = NO;
				GCC_NO_COMMON_BLOCKS = YES;
				GCC_OPTIMIZATION_LEVEL = 0;
				GCC_PREPROCESSOR_DEFINITIONS = (
					"DEBUG=1",
					"$(inherited)",
				);
				GCC_WARN_64_TO_32_BIT_CONVERSION = YES;
				GCC_WARN_ABOUT_RETURN_TYPE = YES_ERROR;
				GCC_WARN_UNDECLARED_SELECTOR = YES;
				GCC_WARN_UNINITIALIZED_AUTOS = YES_AGGRESSIVE;
				GCC_WARN_UNUSED_FUNCTION = YES;
				GCC_WARN_UNUSED_VARIABLE = YES;
				LOCALIZATION_PREFERS_STRING_CATALOGS = YES;
				MACOSX_DEPLOYMENT_TARGET = 14.5;
				MTL_ENABLE_DEBUG_INFO = INCLUDE_SOURCE;
				MTL_FAST_MATH = YES;
				ONLY_ACTIVE_ARCH = YES;
				SDKROOT = macosx;
				SWIFT_ACTIVE_COMPILATION_CONDITIONS = "DEBUG $(inherited)";
				SWIFT_OPTIMIZATION_LEVEL = "-Onone";
			};
			name = Debug;
		};
		011697332BB38348008B055A /* Release */ = {
			isa = XCBuildConfiguration;
			buildSettings = {
				ALWAYS_SEARCH_USER_PATHS = NO;
				ASSETCATALOG_COMPILER_GENERATE_SWIFT_ASSET_SYMBOL_EXTENSIONS = YES;
				CLANG_ANALYZER_NONNULL = YES;
				CLANG_ANALYZER_NUMBER_OBJECT_CONVERSION = YES_AGGRESSIVE;
				CLANG_CXX_LANGUAGE_STANDARD = "gnu++20";
				CLANG_ENABLE_MODULES = YES;
				CLANG_ENABLE_OBJC_ARC = YES;
				CLANG_ENABLE_OBJC_WEAK = YES;
				CLANG_WARN_BLOCK_CAPTURE_AUTORELEASING = YES;
				CLANG_WARN_BOOL_CONVERSION = YES;
				CLANG_WARN_COMMA = YES;
				CLANG_WARN_CONSTANT_CONVERSION = YES;
				CLANG_WARN_DEPRECATED_OBJC_IMPLEMENTATIONS = YES;
				CLANG_WARN_DIRECT_OBJC_ISA_USAGE = YES_ERROR;
				CLANG_WARN_DOCUMENTATION_COMMENTS = YES;
				CLANG_WARN_EMPTY_BODY = YES;
				CLANG_WARN_ENUM_CONVERSION = YES;
				CLANG_WARN_INFINITE_RECURSION = YES;
				CLANG_WARN_INT_CONVERSION = YES;
				CLANG_WARN_NON_LITERAL_NULL_CONVERSION = YES;
				CLANG_WARN_OBJC_IMPLICIT_RETAIN_SELF = YES;
				CLANG_WARN_OBJC_LITERAL_CONVERSION = YES;
				CLANG_WARN_OBJC_ROOT_CLASS = YES_ERROR;
				CLANG_WARN_QUOTED_INCLUDE_IN_FRAMEWORK_HEADER = YES;
				CLANG_WARN_RANGE_LOOP_ANALYSIS = YES;
				CLANG_WARN_STRICT_PROTOTYPES = YES;
				CLANG_WARN_SUSPICIOUS_MOVE = YES;
				CLANG_WARN_UNGUARDED_AVAILABILITY = YES_AGGRESSIVE;
				CLANG_WARN_UNREACHABLE_CODE = YES;
				CLANG_WARN__DUPLICATE_METHOD_MATCH = YES;
				COPY_PHASE_STRIP = NO;
				DEAD_CODE_STRIPPING = YES;
				DEBUG_INFORMATION_FORMAT = "dwarf-with-dsym";
				ENABLE_NS_ASSERTIONS = NO;
				ENABLE_STRICT_OBJC_MSGSEND = YES;
				ENABLE_USER_SCRIPT_SANDBOXING = YES;
				GCC_C_LANGUAGE_STANDARD = gnu17;
				GCC_NO_COMMON_BLOCKS = YES;
				GCC_WARN_64_TO_32_BIT_CONVERSION = YES;
				GCC_WARN_ABOUT_RETURN_TYPE = YES_ERROR;
				GCC_WARN_UNDECLARED_SELECTOR = YES;
				GCC_WARN_UNINITIALIZED_AUTOS = YES_AGGRESSIVE;
				GCC_WARN_UNUSED_FUNCTION = YES;
				GCC_WARN_UNUSED_VARIABLE = YES;
				LOCALIZATION_PREFERS_STRING_CATALOGS = YES;
				MACOSX_DEPLOYMENT_TARGET = 14.5;
				MTL_ENABLE_DEBUG_INFO = NO;
				MTL_FAST_MATH = YES;
				SDKROOT = macosx;
				SWIFT_COMPILATION_MODE = wholemodule;
			};
			name = Release;
		};
		011697352BB38348008B055A /* Debug */ = {
			isa = XCBuildConfiguration;
			buildSettings = {
				ALWAYS_EMBED_SWIFT_STANDARD_LIBRARIES = YES;
				ASSETCATALOG_COMPILER_APPICON_NAME = AppIcon;
				ASSETCATALOG_COMPILER_GLOBAL_ACCENT_COLOR_NAME = AccentColor;
				CODE_SIGN_ENTITLEMENTS = "QuickLook WebM/QuickLook_WebM.entitlements";
				CODE_SIGN_STYLE = Automatic;
				COMBINE_HIDPI_IMAGES = YES;
				CURRENT_PROJECT_VERSION = 3;
				DEAD_CODE_STRIPPING = YES;
				DEVELOPMENT_ASSET_PATHS = "\"QuickLook WebM/Preview Content\"";
				DEVELOPMENT_TEAM = 4M62XDHLLY;
				ENABLE_HARDENED_RUNTIME = YES;
				ENABLE_PREVIEWS = YES;
				GENERATE_INFOPLIST_FILE = YES;
				INFOPLIST_KEY_LSApplicationCategoryType = "public.app-category.utilities";
				INFOPLIST_KEY_NSHumanReadableCopyright = "";
				LD_RUNPATH_SEARCH_PATHS = (
					"$(inherited)",
					"@executable_path/../Frameworks",
				);
				MARKETING_VERSION = 1.0;
				PRODUCT_BUNDLE_IDENTIFIER = "exgphe.QuickLook-WebM";
				PRODUCT_NAME = "$(TARGET_NAME)";
				SWIFT_EMIT_LOC_STRINGS = YES;
				SWIFT_VERSION = 5.0;
			};
			name = Debug;
		};
		011697362BB38348008B055A /* Release */ = {
			isa = XCBuildConfiguration;
			buildSettings = {
				ALWAYS_EMBED_SWIFT_STANDARD_LIBRARIES = YES;
				ASSETCATALOG_COMPILER_APPICON_NAME = AppIcon;
				ASSETCATALOG_COMPILER_GLOBAL_ACCENT_COLOR_NAME = AccentColor;
				CODE_SIGN_ENTITLEMENTS = "QuickLook WebM/QuickLook_WebM.entitlements";
				CODE_SIGN_STYLE = Automatic;
				COMBINE_HIDPI_IMAGES = YES;
				CURRENT_PROJECT_VERSION = 3;
				DEAD_CODE_STRIPPING = YES;
				DEVELOPMENT_ASSET_PATHS = "\"QuickLook WebM/Preview Content\"";
				DEVELOPMENT_TEAM = 4M62XDHLLY;
				ENABLE_HARDENED_RUNTIME = YES;
				ENABLE_PREVIEWS = YES;
				GENERATE_INFOPLIST_FILE = YES;
				INFOPLIST_KEY_LSApplicationCategoryType = "public.app-category.utilities";
				INFOPLIST_KEY_NSHumanReadableCopyright = "";
				LD_RUNPATH_SEARCH_PATHS = (
					"$(inherited)",
					"@executable_path/../Frameworks",
				);
				MARKETING_VERSION = 1.0;
				PRODUCT_BUNDLE_IDENTIFIER = "exgphe.QuickLook-WebM";
				PRODUCT_NAME = "$(TARGET_NAME)";
				SWIFT_EMIT_LOC_STRINGS = YES;
				SWIFT_VERSION = 5.0;
			};
			name = Release;
		};
		011697382BB38348008B055A /* Debug */ = {
			isa = XCBuildConfiguration;
			buildSettings = {
				ALWAYS_EMBED_SWIFT_STANDARD_LIBRARIES = YES;
				BUNDLE_LOADER = "$(TEST_HOST)";
				CODE_SIGN_STYLE = Automatic;
				CURRENT_PROJECT_VERSION = 1;
				DEAD_CODE_STRIPPING = YES;
				DEVELOPMENT_TEAM = 4M62XDHLLY;
				GENERATE_INFOPLIST_FILE = YES;
				MACOSX_DEPLOYMENT_TARGET = 14.5;
				MARKETING_VERSION = 1.0;
				PRODUCT_BUNDLE_IDENTIFIER = "exgphe.QuickLook-WebMTests";
				PRODUCT_NAME = "$(TARGET_NAME)";
				SWIFT_EMIT_LOC_STRINGS = NO;
				SWIFT_VERSION = 5.0;
				TEST_HOST = "$(BUILT_PRODUCTS_DIR)/QuickLook WebM.app/$(BUNDLE_EXECUTABLE_FOLDER_PATH)/QuickLook WebM";
			};
			name = Debug;
		};
		011697392BB38348008B055A /* Release */ = {
			isa = XCBuildConfiguration;
			buildSettings = {
				ALWAYS_EMBED_SWIFT_STANDARD_LIBRARIES = YES;
				BUNDLE_LOADER = "$(TEST_HOST)";
				CODE_SIGN_STYLE = Automatic;
				CURRENT_PROJECT_VERSION = 1;
				DEAD_CODE_STRIPPING = YES;
				DEVELOPMENT_TEAM = 4M62XDHLLY;
				GENERATE_INFOPLIST_FILE = YES;
				MACOSX_DEPLOYMENT_TARGET = 14.5;
				MARKETING_VERSION = 1.0;
				PRODUCT_BUNDLE_IDENTIFIER = "exgphe.QuickLook-WebMTests";
				PRODUCT_NAME = "$(TARGET_NAME)";
				SWIFT_EMIT_LOC_STRINGS = NO;
				SWIFT_VERSION = 5.0;
				TEST_HOST = "$(BUILT_PRODUCTS_DIR)/QuickLook WebM.app/$(BUNDLE_EXECUTABLE_FOLDER_PATH)/QuickLook WebM";
			};
			name = Release;
		};
		0116973B2BB38348008B055A /* Debug */ = {
			isa = XCBuildConfiguration;
			buildSettings = {
				ALWAYS_EMBED_SWIFT_STANDARD_LIBRARIES = YES;
				CODE_SIGN_STYLE = Automatic;
				CURRENT_PROJECT_VERSION = 1;
				DEAD_CODE_STRIPPING = YES;
				DEVELOPMENT_TEAM = 4M62XDHLLY;
				GENERATE_INFOPLIST_FILE = YES;
				MARKETING_VERSION = 1.0;
				PRODUCT_BUNDLE_IDENTIFIER = "exgphe.QuickLook-WebMUITests";
				PRODUCT_NAME = "$(TARGET_NAME)";
				SWIFT_EMIT_LOC_STRINGS = NO;
				SWIFT_VERSION = 5.0;
				TEST_TARGET_NAME = "QuickLook WebM";
			};
			name = Debug;
		};
		0116973C2BB38348008B055A /* Release */ = {
			isa = XCBuildConfiguration;
			buildSettings = {
				ALWAYS_EMBED_SWIFT_STANDARD_LIBRARIES = YES;
				CODE_SIGN_STYLE = Automatic;
				CURRENT_PROJECT_VERSION = 1;
				DEAD_CODE_STRIPPING = YES;
				DEVELOPMENT_TEAM = 4M62XDHLLY;
				GENERATE_INFOPLIST_FILE = YES;
				MARKETING_VERSION = 1.0;
				PRODUCT_BUNDLE_IDENTIFIER = "exgphe.QuickLook-WebMUITests";
				PRODUCT_NAME = "$(TARGET_NAME)";
				SWIFT_EMIT_LOC_STRINGS = NO;
				SWIFT_VERSION = 5.0;
				TEST_TARGET_NAME = "QuickLook WebM";
			};
			name = Release;
		};
		011697532BB3843B008B055A /* Debug */ = {
			isa = XCBuildConfiguration;
			buildSettings = {
				CODE_SIGN_ENTITLEMENTS = "QuickLook Preview Extension/QuickLook_Preview_Extension.entitlements";
				CODE_SIGN_STYLE = Automatic;
				CURRENT_PROJECT_VERSION = 1;
				DEAD_CODE_STRIPPING = YES;
				DEVELOPMENT_TEAM = 4M62XDHLLY;
				ENABLE_HARDENED_RUNTIME = YES;
				GENERATE_INFOPLIST_FILE = YES;
				INFOPLIST_FILE = "QuickLook Preview Extension/Info.plist";
				INFOPLIST_KEY_CFBundleDisplayName = "QuickLook Preview Extension";
				INFOPLIST_KEY_NSHumanReadableCopyright = "";
				LD_RUNPATH_SEARCH_PATHS = (
					"$(inherited)",
					"@executable_path/../Frameworks",
					"@executable_path/../../../../Frameworks",
				);
				MARKETING_VERSION = 1.0;
				PRODUCT_BUNDLE_IDENTIFIER = "exgphe.QuickLook-WebM.QuickLook-Preview-Extension";
				PRODUCT_NAME = "$(TARGET_NAME)";
				SKIP_INSTALL = YES;
				SWIFT_EMIT_LOC_STRINGS = YES;
				SWIFT_VERSION = 5.0;
			};
			name = Debug;
		};
		011697542BB3843B008B055A /* Release */ = {
			isa = XCBuildConfiguration;
			buildSettings = {
				CODE_SIGN_ENTITLEMENTS = "QuickLook Preview Extension/QuickLook_Preview_Extension.entitlements";
				CODE_SIGN_STYLE = Automatic;
				CURRENT_PROJECT_VERSION = 1;
				DEAD_CODE_STRIPPING = YES;
				DEVELOPMENT_TEAM = 4M62XDHLLY;
				ENABLE_HARDENED_RUNTIME = YES;
				GENERATE_INFOPLIST_FILE = YES;
				INFOPLIST_FILE = "QuickLook Preview Extension/Info.plist";
				INFOPLIST_KEY_CFBundleDisplayName = "QuickLook Preview Extension";
				INFOPLIST_KEY_NSHumanReadableCopyright = "";
				LD_RUNPATH_SEARCH_PATHS = (
					"$(inherited)",
					"@executable_path/../Frameworks",
					"@executable_path/../../../../Frameworks",
				);
				MARKETING_VERSION = 1.0;
				PRODUCT_BUNDLE_IDENTIFIER = "exgphe.QuickLook-WebM.QuickLook-Preview-Extension";
				PRODUCT_NAME = "$(TARGET_NAME)";
				SKIP_INSTALL = YES;
				SWIFT_EMIT_LOC_STRINGS = YES;
				SWIFT_VERSION = 5.0;
			};
			name = Release;
		};
/* End XCBuildConfiguration section */

/* Begin XCConfigurationList section */
		0116970A2BB38347008B055A /* Build configuration list for PBXProject "QuickLook WebM" */ = {
			isa = XCConfigurationList;
			buildConfigurations = (
				011697322BB38348008B055A /* Debug */,
				011697332BB38348008B055A /* Release */,
			);
			defaultConfigurationIsVisible = 0;
			defaultConfigurationName = Release;
		};
		011697342BB38348008B055A /* Build configuration list for PBXNativeTarget "QuickLook WebM" */ = {
			isa = XCConfigurationList;
			buildConfigurations = (
				011697352BB38348008B055A /* Debug */,
				011697362BB38348008B055A /* Release */,
			);
			defaultConfigurationIsVisible = 0;
			defaultConfigurationName = Release;
		};
		011697372BB38348008B055A /* Build configuration list for PBXNativeTarget "QuickLook WebMTests" */ = {
			isa = XCConfigurationList;
			buildConfigurations = (
				011697382BB38348008B055A /* Debug */,
				011697392BB38348008B055A /* Release */,
			);
			defaultConfigurationIsVisible = 0;
			defaultConfigurationName = Release;
		};
		0116973A2BB38348008B055A /* Build configuration list for PBXNativeTarget "QuickLook WebMUITests" */ = {
			isa = XCConfigurationList;
			buildConfigurations = (
				0116973B2BB38348008B055A /* Debug */,
				0116973C2BB38348008B055A /* Release */,
			);
			defaultConfigurationIsVisible = 0;
			defaultConfigurationName = Release;
		};
		011697522BB3843B008B055A /* Build configuration list for PBXNativeTarget "QuickLook Preview Extension" */ = {
			isa = XCConfigurationList;
			buildConfigurations = (
				011697532BB3843B008B055A /* Debug */,
				011697542BB3843B008B055A /* Release */,
			);
			defaultConfigurationIsVisible = 0;
			defaultConfigurationName = Release;
		};
/* End XCConfigurationList section */
	};
	rootObject = 011697072BB38347008B055A /* Project object */;
}
